Microsoft Visual Studio Solution File, Format Version 8.00
Project("{8BC9CEB8-8B4A-11D0-8D11-00A0C91BC942}") = "M_XD", "M_XD\M_XD.vcproj", "{84DDE69A-A1FE-4A65-9047-164F8A164B36}"
	ProjectSection(ProjectDependencies) = postProject
	EndProjectSection
EndProject
Project("{8BC9CEB8-8B4A-11D0-8D11-00A0C91BC942}") = "M_WA", "M_WA\M_WA.vcproj", "{D1D194F4-A831-4A9C-927A-203B83101E98}"
	ProjectSection(ProjectDependencies) = postProject
	EndProjectSection
EndProject
Project("{8BC9CEB8-8B4A-11D0-8D11-00A0C91BC942}") = "AGABUNB", "AGABUNB\AGABUNB.vcproj", "{4E52F526-C507-42A7-AE7E-0A4A32414530}"
	ProjectSection(ProjectDependencies) = postProject
	EndProjectSection
EndProject
Project("{8BC9CEB8-8B4A-11D0-8D11-00A0C91BC942}") = "Event", "Event\Event.vcproj", "{2DEE34E4-85FD-4843-B608-3B7BFDF651DC}"
	ProjectSection(ProjectDependencies) = postProject
		{F411B573-1993-4C46-BF94-DDC5C85F0F95} = {F411B573-1993-4C46-BF94-DDC5C85F0F95}
	EndProjectSection
EndProject
Project("{8BC9CEB8-8B4A-11D0-8D11-00A0C91BC942}") = "Global", "Global\Global.vcproj", "{01329F4F-D253-4623-985D-D53C8DBA5F93}"
	ProjectSection(ProjectDependencies) = postProject
	EndProjectSection
EndProject
Project("{8BC9CEB8-8B4A-11D0-8D11-00A0C91BC942}") = "GMClient", "GMClient\GMClient.vcproj", "{128DB3B6-63A1-4BAC-9E66-8A847DDEDB6A}"
	ProjectSection(ProjectDependencies) = postProject
		{4E52F526-C507-42A7-AE7E-0A4A32414530} = {4E52F526-C507-42A7-AE7E-0A4A32414530}
		{C78C6229-40BB-4EC5-96CD-C368889DD56A} = {C78C6229-40BB-4EC5-96CD-C368889DD56A}
		{59ECA62C-8EEA-42A2-A0A1-A312017923EB} = {59ECA62C-8EEA-42A2-A0A1-A312017923EB}
		{F16F383D-74F8-4AF2-8AF0-36D961149CF2} = {F16F383D-74F8-4AF2-8AF0-36D961149CF2}
		{BB7C1D49-9B6A-49B9-9C0D-040F59E9DE8A} = {BB7C1D49-9B6A-49B9-9C0D-040F59E9DE8A}
		{01329F4F-D253-4623-985D-D53C8DBA5F93} = {01329F4F-D253-4623-985D-D53C8DBA5F93}
		{F411B573-1993-4C46-BF94-DDC5C85F0F95} = {F411B573-1993-4C46-BF94-DDC5C85F0F95}
		{84DDE69A-A1FE-4A65-9047-164F8A164B36} = {84DDE69A-A1FE-4A65-9047-164F8A164B36}
		{D8D722CA-374C-43FE-90DE-6AAA91CD553E} = {D8D722CA-374C-43FE-90DE-6AAA91CD553E}
		{2DEE34E4-85FD-4843-B608-3B7BFDF651DC} = {2DEE34E4-85FD-4843-B608-3B7BFDF651DC}
		{D1D194F4-A831-4A9C-927A-203B83101E98} = {D1D194F4-A831-4A9C-927A-203B83101E98}
		{3EB948F7-435B-4AF2-91B0-B342B4287FDA} = {3EB948F7-435B-4AF2-91B0-B342B4287FDA}
	EndProjectSection
EndProject
Project("{8BC9CEB8-8B4A-11D0-8D11-00A0C91BC942}") = "M_CG2", "M_CG2\M_CG2.vcproj", "{59ECA62C-8EEA-42A2-A0A1-A312017923EB}"
	ProjectSection(ProjectDependencies) = postProject
		{2DEE34E4-85FD-4843-B608-3B7BFDF651DC} = {2DEE34E4-85FD-4843-B608-3B7BFDF651DC}
	EndProjectSection
EndProject
Project("{8BC9CEB8-8B4A-11D0-8D11-00A0C91BC942}") = "M_GM", "M_GM\M_GM.vcproj", "{BB7C1D49-9B6A-49B9-9C0D-040F59E9DE8A}"
	ProjectSection(ProjectDependencies) = postProject
		{2DEE34E4-85FD-4843-B608-3B7BFDF651DC} = {2DEE34E4-85FD-4843-B608-3B7BFDF651DC}
	EndProjectSection
EndProject
Project("{8BC9CEB8-8B4A-11D0-8D11-00A0C91BC942}") = "M_GTOWN", "M_GTOWN\M_GTOWN.vcproj", "{C78C6229-40BB-4EC5-96CD-C368889DD56A}"
	ProjectSection(ProjectDependencies) = postProject
	EndProjectSection
EndProject
Project("{8BC9CEB8-8B4A-11D0-8D11-00A0C91BC942}") = "M_JW2", "M_JW2\M_JW2.vcproj", "{D8D722CA-374C-43FE-90DE-6AAA91CD553E}"
	ProjectSection(ProjectDependencies) = postProject
	EndProjectSection
EndProject
Project("{8BC9CEB8-8B4A-11D0-8D11-00A0C91BC942}") = "M_PAL", "M_PAL\M_PAL.vcproj", "{3EB948F7-435B-4AF2-91B0-B342B4287FDA}"
	ProjectSection(ProjectDependencies) = postProject
	EndProjectSection
EndProject
Project("{8BC9CEB8-8B4A-11D0-8D11-00A0C91BC942}") = "M_SDO", "M_SDO\M_SDO.vcproj", "{F16F383D-74F8-4AF2-8AF0-36D961149CF2}"
	ProjectSection(ProjectDependencies) = postProject
	EndProjectSection
EndProject
Project("{8BC9CEB8-8B4A-11D0-8D11-00A0C91BC942}") = "Run", "Run\Run.vcproj", "{250198BD-3CC7-4AAE-AEA4-2516AFDF54EA}"
	ProjectSection(ProjectDependencies) = postProject
	EndProjectSection
EndProject
Project("{8BC9CEB8-8B4A-11D0-8D11-00A0C91BC942}") = "SocketData", "SocketData\SocketData.vcproj", "{F411B573-1993-4C46-BF94-DDC5C85F0F95}"
	ProjectSection(ProjectDependencies) = postProject
		{01329F4F-D253-4623-985D-D53C8DBA5F93} = {01329F4F-D253-4623-985D-D53C8DBA5F93}
	EndProjectSection
EndProject
Project("{8BC9CEB8-8B4A-11D0-8D11-00A0C91BC942}") = "TEMP", "TEMP\TEMP.vcproj", "{34367DF9-3BE9-4199-BAAB-F05207D17C92}"
	ProjectSection(ProjectDependencies) = postProject
	EndProjectSection
EndProject
Global
	GlobalSection(SolutionConfiguration) = preSolution
		Debug = Debug
		Release = Release
	EndGlobalSection
	GlobalSection(ProjectConfiguration) = postSolution
		{84DDE69A-A1FE-4A65-9047-164F8A164B36}.Debug.ActiveCfg = Debug|Win32
		{84DDE69A-A1FE-4A65-9047-164F8A164B36}.Debug.Build.0 = Debug|Win32
		{84DDE69A-A1FE-4A65-9047-164F8A164B36}.Release.ActiveCfg = Release|Win32
		{84DDE69A-A1FE-4A65-9047-164F8A164B36}.Release.Build.0 = Release|Win32
		{D1D194F4-A831-4A9C-927A-203B83101E98}.Debug.ActiveCfg = Debug|Win32
		{D1D194F4-A831-4A9C-927A-203B83101E98}.Debug.Build.0 = Debug|Win32
		{D1D194F4-A831-4A9C-927A-203B83101E98}.Release.ActiveCfg = Release|Win32
		{D1D194F4-A831-4A9C-927A-203B83101E98}.Release.Build.0 = Release|Win32
		{4E52F526-C507-42A7-AE7E-0A4A32414530}.Debug.ActiveCfg = Debug|Win32
		{4E52F526-C507-42A7-AE7E-0A4A32414530}.Debug.Build.0 = Debug|Win32
		{4E52F526-C507-42A7-AE7E-0A4A32414530}.Release.ActiveCfg = Release|Win32
		{4E52F526-C507-42A7-AE7E-0A4A32414530}.Release.Build.0 = Release|Win32
		{2DEE34E4-85FD-4843-B608-3B7BFDF651DC}.Debug.ActiveCfg = Debug|Win32
		{2DEE34E4-85FD-4843-B608-3B7BFDF651DC}.Debug.Build.0 = Debug|Win32
		{2DEE34E4-85FD-4843-B608-3B7BFDF651DC}.Release.ActiveCfg = Release|Win32
		{2DEE34E4-85FD-4843-B608-3B7BFDF651DC}.Release.Build.0 = Release|Win32
		{01329F4F-D253-4623-985D-D53C8DBA5F93}.Debug.ActiveCfg = Debug|Win32
		{01329F4F-D253-4623-985D-D53C8DBA5F93}.Debug.Build.0 = Debug|Win32
		{01329F4F-D253-4623-985D-D53C8DBA5F93}.Release.ActiveCfg = Release|Win32
		{01329F4F-D253-4623-985D-D53C8DBA5F93}.Release.Build.0 = Release|Win32
		{128DB3B6-63A1-4BAC-9E66-8A847DDEDB6A}.Debug.ActiveCfg = Debug|Win32
		{128DB3B6-63A1-4BAC-9E66-8A847DDEDB6A}.Debug.Build.0 = Debug|Win32
		{128DB3B6-63A1-4BAC-9E66-8A847DDEDB6A}.Release.ActiveCfg = Release|Win32
		{128DB3B6-63A1-4BAC-9E66-8A847DDEDB6A}.Release.Build.0 = Release|Win32
		{59ECA62C-8EEA-42A2-A0A1-A312017923EB}.Debug.ActiveCfg = Debug|Win32
		{59ECA62C-8EEA-42A2-A0A1-A312017923EB}.Debug.Build.0 = Debug|Win32
		{59ECA62C-8EEA-42A2-A0A1-A312017923EB}.Release.ActiveCfg = Release|Win32
		{59ECA62C-8EEA-42A2-A0A1-A312017923EB}.Release.Build.0 = Release|Win32
		{BB7C1D49-9B6A-49B9-9C0D-040F59E9DE8A}.Debug.ActiveCfg = Debug|Win32
		{BB7C1D49-9B6A-49B9-9C0D-040F59E9DE8A}.Debug.Build.0 = Debug|Win32
		{BB7C1D49-9B6A-49B9-9C0D-040F59E9DE8A}.Release.ActiveCfg = Release|Win32
		{BB7C1D49-9B6A-49B9-9C0D-040F59E9DE8A}.Release.Build.0 = Release|Win32
		{C78C6229-40BB-4EC5-96CD-C368889DD56A}.Debug.ActiveCfg = Debug|Win32
		{C78C6229-40BB-4EC5-96CD-C368889DD56A}.Debug.Build.0 = Debug|Win32
		{C78C6229-40BB-4EC5-96CD-C368889DD56A}.Release.ActiveCfg = Release|Win32
		{C78C6229-40BB-4EC5-96CD-C368889DD56A}.Release.Build.0 = Release|Win32
		{D8D722CA-374C-43FE-90DE-6AAA91CD553E}.Debug.ActiveCfg = Debug|Win32
		{D8D722CA-374C-43FE-90DE-6AAA91CD553E}.Debug.Build.0 = Debug|Win32
		{D8D722CA-374C-43FE-90DE-6AAA91CD553E}.Release.ActiveCfg = Release|Win32
		{D8D722CA-374C-43FE-90DE-6AAA91CD553E}.Release.Build.0 = Release|Win32
		{3EB948F7-435B-4AF2-91B0-B342B4287FDA}.Debug.ActiveCfg = Debug|Win32
		{3EB948F7-435B-4AF2-91B0-B342B4287FDA}.Debug.Build.0 = Debug|Win32
		{3EB948F7-435B-4AF2-91B0-B342B4287FDA}.Release.ActiveCfg = Release|Win32
		{3EB948F7-435B-4AF2-91B0-B342B4287FDA}.Release.Build.0 = Release|Win32
		{F16F383D-74F8-4AF2-8AF0-36D961149CF2}.Debug.ActiveCfg = Debug|Win32
		{F16F383D-74F8-4AF2-8AF0-36D961149CF2}.Debug.Build.0 = Debug|Win32
		{F16F383D-74F8-4AF2-8AF0-36D961149CF2}.Release.ActiveCfg = Release|Win32
		{F16F383D-74F8-4AF2-8AF0-36D961149CF2}.Release.Build.0 = Release|Win32
		{250198BD-3CC7-4AAE-AEA4-2516AFDF54EA}.Debug.ActiveCfg = Debug|Win32
		{250198BD-3CC7-4AAE-AEA4-2516AFDF54EA}.Debug.Build.0 = Debug|Win32
		{250198BD-3CC7-4AAE-AEA4-2516AFDF54EA}.Release.ActiveCfg = Release|Win32
		{250198BD-3CC7-4AAE-AEA4-2516AFDF54EA}.Release.Build.0 = Release|Win32
		{F411B573-1993-4C46-BF94-DDC5C85F0F95}.Debug.ActiveCfg = Debug|Win32
		{F411B573-1993-4C46-BF94-DDC5C85F0F95}.Debug.Build.0 = Debug|Win32
		{F411B573-1993-4C46-BF94-DDC5C85F0F95}.Release.ActiveCfg = Release|Win32
		{F411B573-1993-4C46-BF94-DDC5C85F0F95}.Release.Build.0 = Release|Win32
		{34367DF9-3BE9-4199-BAAB-F05207D17C92}.Debug.ActiveCfg = Debug|Win32
		{34367DF9-3BE9-4199-BAAB-F05207D17C92}.Debug.Build.0 = Debug|Win32
		{34367DF9-3BE9-4199-BAAB-F05207D17C92}.Release.ActiveCfg = Release|Win32
		{34367DF9-3BE9-4199-BAAB-F05207D17C92}.Release.Build.0 = Release|Win32
	EndGlobalSection
	GlobalSection(ExtensibilityGlobals) = postSolution
	EndGlobalSection
	GlobalSection(ExtensibilityAddIns) = postSolution
	EndGlobalSection
EndGlobal
